
Microsoft Visual Studio Solution File, Format Version 12.00
# Visual Studio Version 17
VisualStudioVersion = 17.0.31612.314
MinimumVisualStudioVersion = 10.0.40219.1
Project("{9A19103F-16F7-4668-BE54-9A1E7A4F7556}") = "CloudwatchLocalstack", "CloudwatchLocalstack\CloudwatchLocalstack.csproj", "{417E6825-805C-4E5E-BD49-E12BFD697B63}"
EndProject
Project("{9A19103F-16F7-4668-BE54-9A1E7A4F7556}") = "LocalstackBridge.Abstractions", "LocalstackBridge.Abstractions\LocalstackBridge.Abstractions.csproj", "{A910EA08-CF8B-41A9-9D1E-3271FE4CFDC5}"
EndProject
Project("{9A19103F-16F7-4668-BE54-9A1E7A4F7556}") = "LocalstackBridge.Cloudwatch", "LocalstackBridge.Cloudwatch\LocalstackBridge.Cloudwatch.csproj", "{40048B7C-9449-4BD2-879B-5F1ADC1DAD62}"
EndProject
Project("{FAE04EC0-301F-11D3-BF4B-00C04F79EFBC}") = "CloudwatchLogger", "CloudwatchLogger\CloudwatchLogger.csproj", "{594334EE-599A-4305-AB2D-44CC490DEA8E}"
EndProject
Global
	GlobalSection(SolutionConfigurationPlatforms) = preSolution
		Debug|Any CPU = Debug|Any CPU
		Release|Any CPU = Release|Any CPU
	EndGlobalSection
	GlobalSection(ProjectConfigurationPlatforms) = postSolution
		{417E6825-805C-4E5E-BD49-E12BFD697B63}.Debug|Any CPU.ActiveCfg = Debug|Any CPU
		{417E6825-805C-4E5E-BD49-E12BFD697B63}.Debug|Any CPU.Build.0 = Debug|Any CPU
		{417E6825-805C-4E5E-BD49-E12BFD697B63}.Release|Any CPU.ActiveCfg = Release|Any CPU
		{417E6825-805C-4E5E-BD49-E12BFD697B63}.Release|Any CPU.Build.0 = Release|Any CPU
		{A910EA08-CF8B-41A9-9D1E-3271FE4CFDC5}.Debug|Any CPU.ActiveCfg = Debug|Any CPU
		{A910EA08-CF8B-41A9-9D1E-3271FE4CFDC5}.Debug|Any CPU.Build.0 = Debug|Any CPU
		{A910EA08-CF8B-41A9-9D1E-3271FE4CFDC5}.Release|Any CPU.ActiveCfg = Release|Any CPU
		{A910EA08-CF8B-41A9-9D1E-3271FE4CFDC5}.Release|Any CPU.Build.0 = Release|Any CPU
		{40048B7C-9449-4BD2-879B-5F1ADC1DAD62}.Debug|Any CPU.ActiveCfg = Debug|Any CPU
		{40048B7C-9449-4BD2-879B-5F1ADC1DAD62}.Debug|Any CPU.Build.0 = Debug|Any CPU
		{40048B7C-9449-4BD2-879B-5F1ADC1DAD62}.Release|Any CPU.ActiveCfg = Release|Any CPU
		{40048B7C-9449-4BD2-879B-5F1ADC1DAD62}.Release|Any CPU.Build.0 = Release|Any CPU
		{594334EE-599A-4305-AB2D-44CC490DEA8E}.Debug|Any CPU.ActiveCfg = Debug|Any CPU
		{594334EE-599A-4305-AB2D-44CC490DEA8E}.Debug|Any CPU.Build.0 = Debug|Any CPU
		{594334EE-599A-4305-AB2D-44CC490DEA8E}.Release|Any CPU.ActiveCfg = Release|Any CPU
		{594334EE-599A-4305-AB2D-44CC490DEA8E}.Release|Any CPU.Build.0 = Release|Any CPU
	EndGlobalSection
	GlobalSection(SolutionProperties) = preSolution
		HideSolutionNode = FALSE
	EndGlobalSection
	GlobalSection(ExtensibilityGlobals) = postSolution
		SolutionGuid = {C2B4C1F2-278E-48C0-A161-B6D5E86594D3}
	EndGlobalSection
EndGlobal
